
Microsoft Visual Studio Solution File, Format Version 12.00
# Visual Studio 14
VisualStudioVersion = 14.0.24720.0
MinimumVisualStudioVersion = 10.0.40219.1
Project("{FAE04EC0-301F-11D3-BF4B-00C04F79EFBC}") = "Product Browser", "Product Browser\Product Browser.csproj", "{D8205244-CAD2-4A76-A400-C49D062363AA}"
EndProject
Project("{FAE04EC0-301F-11D3-BF4B-00C04F79EFBC}") = "DatabaseModel", "DatabaseModel\DatabaseModel.csproj", "{59439B50-F8CA-47F6-9C19-75A73796D9E1}"
EndProject
Project("{8BB2217D-0F2D-49D1-97BC-3654ED321F3B}") = "SmartCardManagementSystem", "SmartCardManagementSystem\SmartCardManagementSystem.xproj", "{10EC1008-A161-425E-950A-74DD23E41783}"
EndProject
Project("{FAE04EC0-301F-11D3-BF4B-00C04F79EFBC}") = "TagExpansionPrototype", "TagExpansionPrototype\TagExpansionPrototype.csproj", "{8F64561B-A2E8-4AEA-9845-389383E236D9}"
EndProject
Global
	GlobalSection(SolutionConfigurationPlatforms) = preSolution
		Debug|Any CPU = Debug|Any CPU
		Debug|x64 = Debug|x64
		Release|Any CPU = Release|Any CPU
		Release|x64 = Release|x64
	EndGlobalSection
	GlobalSection(ProjectConfigurationPlatforms) = postSolution
		{D8205244-CAD2-4A76-A400-C49D062363AA}.Debug|Any CPU.ActiveCfg = Debug|Any CPU
		{D8205244-CAD2-4A76-A400-C49D062363AA}.Debug|Any CPU.Build.0 = Debug|Any CPU
		{D8205244-CAD2-4A76-A400-C49D062363AA}.Debug|x64.ActiveCfg = Debug|Any CPU
		{D8205244-CAD2-4A76-A400-C49D062363AA}.Debug|x64.Build.0 = Debug|Any CPU
		{D8205244-CAD2-4A76-A400-C49D062363AA}.Release|Any CPU.ActiveCfg = Release|Any CPU
		{D8205244-CAD2-4A76-A400-C49D062363AA}.Release|Any CPU.Build.0 = Release|Any CPU
		{D8205244-CAD2-4A76-A400-C49D062363AA}.Release|x64.ActiveCfg = Release|Any CPU
		{D8205244-CAD2-4A76-A400-C49D062363AA}.Release|x64.Build.0 = Release|Any CPU
		{59439B50-F8CA-47F6-9C19-75A73796D9E1}.Debug|Any CPU.ActiveCfg = Debug|Any CPU
		{59439B50-F8CA-47F6-9C19-75A73796D9E1}.Debug|Any CPU.Build.0 = Debug|Any CPU
		{59439B50-F8CA-47F6-9C19-75A73796D9E1}.Debug|x64.ActiveCfg = Debug|Any CPU
		{59439B50-F8CA-47F6-9C19-75A73796D9E1}.Debug|x64.Build.0 = Debug|Any CPU
		{59439B50-F8CA-47F6-9C19-75A73796D9E1}.Release|Any CPU.ActiveCfg = Release|Any CPU
		{59439B50-F8CA-47F6-9C19-75A73796D9E1}.Release|Any CPU.Build.0 = Release|Any CPU
		{59439B50-F8CA-47F6-9C19-75A73796D9E1}.Release|x64.ActiveCfg = Release|Any CPU
		{59439B50-F8CA-47F6-9C19-75A73796D9E1}.Release|x64.Build.0 = Release|Any CPU
		{10EC1008-A161-425E-950A-74DD23E41783}.Debug|Any CPU.ActiveCfg = Debug|Any CPU
		{10EC1008-A161-425E-950A-74DD23E41783}.Debug|Any CPU.Build.0 = Debug|Any CPU
		{10EC1008-A161-425E-950A-74DD23E41783}.Debug|x64.ActiveCfg = Debug|Any CPU
		{10EC1008-A161-425E-950A-74DD23E41783}.Debug|x64.Build.0 = Debug|Any CPU
		{10EC1008-A161-425E-950A-74DD23E41783}.Release|Any CPU.ActiveCfg = Release|Any CPU
		{10EC1008-A161-425E-950A-74DD23E41783}.Release|Any CPU.Build.0 = Release|Any CPU
		{10EC1008-A161-425E-950A-74DD23E41783}.Release|x64.ActiveCfg = Release|Any CPU
		{10EC1008-A161-425E-950A-74DD23E41783}.Release|x64.Build.0 = Release|Any CPU
		{8F64561B-A2E8-4AEA-9845-389383E236D9}.Debug|Any CPU.ActiveCfg = Debug|Any CPU
		{8F64561B-A2E8-4AEA-9845-389383E236D9}.Debug|Any CPU.Build.0 = Debug|Any CPU
		{8F64561B-A2E8-4AEA-9845-389383E236D9}.Debug|x64.ActiveCfg = Debug|Any CPU
		{8F64561B-A2E8-4AEA-9845-389383E236D9}.Debug|x64.Build.0 = Debug|Any CPU
		{8F64561B-A2E8-4AEA-9845-389383E236D9}.Release|Any CPU.ActiveCfg = Release|Any CPU
		{8F64561B-A2E8-4AEA-9845-389383E236D9}.Release|Any CPU.Build.0 = Release|Any CPU
		{8F64561B-A2E8-4AEA-9845-389383E236D9}.Release|x64.ActiveCfg = Release|Any CPU
		{8F64561B-A2E8-4AEA-9845-389383E236D9}.Release|x64.Build.0 = Release|Any CPU
	EndGlobalSection
	GlobalSection(SolutionProperties) = preSolution
		HideSolutionNode = FALSE
	EndGlobalSection
EndGlobal
